
Microsoft Visual Studio Solution File, Format Version 12.00
# Visual Studio Version 17
VisualStudioVersion = 17.8.34316.72
MinimumVisualStudioVersion = 10.0.40219.1
Project("{FAE04EC0-301F-11D3-BF4B-00C04F79EFBC}") = "BubbleMethod", "BubbleMethod\BubbleMethod.csproj", "{92382EE1-3A00-4993-84F2-E5B9CE1EE973}"
EndProject
Project("{FAE04EC0-301F-11D3-BF4B-00C04F79EFBC}") = "DirectSelectionMethod", "DirectSelectionMethod\DirectSelectionMethod.csproj", "{070F2444-BFF1-444F-B105-6DCD94E17AF5}"
EndProject
Project("{FAE04EC0-301F-11D3-BF4B-00C04F79EFBC}") = "InsertionSort", "InsertionSort\InsertionSort.csproj", "{8119F4A5-C813-4E2A-BCEB-1FDCB4E4EF69}"
EndProject
Global
	GlobalSection(SolutionConfigurationPlatforms) = preSolution
		Debug|Any CPU = Debug|Any CPU
		Release|Any CPU = Release|Any CPU
	EndGlobalSection
	GlobalSection(ProjectConfigurationPlatforms) = postSolution
		{92382EE1-3A00-4993-84F2-E5B9CE1EE973}.Debug|Any CPU.ActiveCfg = Debug|Any CPU
		{92382EE1-3A00-4993-84F2-E5B9CE1EE973}.Debug|Any CPU.Build.0 = Debug|Any CPU
		{92382EE1-3A00-4993-84F2-E5B9CE1EE973}.Release|Any CPU.ActiveCfg = Release|Any CPU
		{92382EE1-3A00-4993-84F2-E5B9CE1EE973}.Release|Any CPU.Build.0 = Release|Any CPU
		{070F2444-BFF1-444F-B105-6DCD94E17AF5}.Debug|Any CPU.ActiveCfg = Debug|Any CPU
		{070F2444-BFF1-444F-B105-6DCD94E17AF5}.Debug|Any CPU.Build.0 = Debug|Any CPU
		{070F2444-BFF1-444F-B105-6DCD94E17AF5}.Release|Any CPU.ActiveCfg = Release|Any CPU
		{070F2444-BFF1-444F-B105-6DCD94E17AF5}.Release|Any CPU.Build.0 = Release|Any CPU
		{8119F4A5-C813-4E2A-BCEB-1FDCB4E4EF69}.Debug|Any CPU.ActiveCfg = Debug|Any CPU
		{8119F4A5-C813-4E2A-BCEB-1FDCB4E4EF69}.Debug|Any CPU.Build.0 = Debug|Any CPU
		{8119F4A5-C813-4E2A-BCEB-1FDCB4E4EF69}.Release|Any CPU.ActiveCfg = Release|Any CPU
		{8119F4A5-C813-4E2A-BCEB-1FDCB4E4EF69}.Release|Any CPU.Build.0 = Release|Any CPU
	EndGlobalSection
	GlobalSection(SolutionProperties) = preSolution
		HideSolutionNode = FALSE
	EndGlobalSection
	GlobalSection(ExtensibilityGlobals) = postSolution
		SolutionGuid = {348A35BE-AA3D-46A7-87FE-129228BF1AE8}
	EndGlobalSection
EndGlobal
